<Solution>
  <Project Path="SecretArqc.Core/SecretArqc.Core.csproj" />
  <Project Path="SecretArqc.Core.Tests/SecretArqc.Core.Tests.csproj" />
  <Project Path="SecretArqc.GenAc/SecretArqc.GenAc.csproj" />
  <Project Path="SecretArqc.MasterKey/SecretArqc.MasterKey.csproj" />
  <Project Path="SecretArqc.SKD/SecretArqc.SKD.csproj" />
  <Project Path="SecretArqc.Arqc/SecretArqc.Arqc.csproj" />
</Solution>
